<?xml version="1.0" encoding="UTF-8" standalone="yes" ?>
<CodeBlocks_project_file>
   <FileVersion major="1" minor="6" />
   <Project>
      <Option title="mikroCom" />
      <Option makefile_is_custom="1" />
      <Option compiler="gcc" />
      <Option virtualFolders="CMake Files\;" />
      <Build>
      <Target title="all">
         <Option working_dir="/home/janis/git/mikroCom/debug" />
         <Option type="4" />
         <MakeCommands>
            <Build command="/usr/bin/make -f &quot;/home/janis/git/mikroCom/debug/Makefile&quot;  VERBOSE=1 all" />
            <CompileFile command="/usr/bin/make -f &quot;/home/janis/git/mikroCom/debug/Makefile&quot;  VERBOSE=1 &quot;$file&quot;" />
            <Clean command="/usr/bin/make -f &quot;/home/janis/git/mikroCom/debug/Makefile&quot;  VERBOSE=1 clean" />
            <DistClean command="/usr/bin/make -f &quot;/home/janis/git/mikroCom/debug/Makefile&quot;  VERBOSE=1 clean" />
         </MakeCommands>
      </Target>
      <Target title="install">
         <Option working_dir="/home/janis/git/mikroCom/debug" />
         <Option type="4" />
         <MakeCommands>
            <Build command="/usr/bin/make -f &quot;/home/janis/git/mikroCom/debug/Makefile&quot;  VERBOSE=1 install" />
            <CompileFile command="/usr/bin/make -f &quot;/home/janis/git/mikroCom/debug/Makefile&quot;  VERBOSE=1 &quot;$file&quot;" />
            <Clean command="/usr/bin/make -f &quot;/home/janis/git/mikroCom/debug/Makefile&quot;  VERBOSE=1 clean" />
            <DistClean command="/usr/bin/make -f &quot;/home/janis/git/mikroCom/debug/Makefile&quot;  VERBOSE=1 clean" />
         </MakeCommands>
      </Target>
      <Target title="install/local">
         <Option working_dir="/home/janis/git/mikroCom/debug" />
         <Option type="4" />
         <MakeCommands>
            <Build command="/usr/bin/make -f &quot;/home/janis/git/mikroCom/debug/Makefile&quot;  VERBOSE=1 install/local" />
            <CompileFile command="/usr/bin/make -f &quot;/home/janis/git/mikroCom/debug/Makefile&quot;  VERBOSE=1 &quot;$file&quot;" />
            <Clean command="/usr/bin/make -f &quot;/home/janis/git/mikroCom/debug/Makefile&quot;  VERBOSE=1 clean" />
            <DistClean command="/usr/bin/make -f &quot;/home/janis/git/mikroCom/debug/Makefile&quot;  VERBOSE=1 clean" />
         </MakeCommands>
      </Target>
      <Target title="install/strip">
         <Option working_dir="/home/janis/git/mikroCom/debug" />
         <Option type="4" />
         <MakeCommands>
            <Build command="/usr/bin/make -f &quot;/home/janis/git/mikroCom/debug/Makefile&quot;  VERBOSE=1 install/strip" />
            <CompileFile command="/usr/bin/make -f &quot;/home/janis/git/mikroCom/debug/Makefile&quot;  VERBOSE=1 &quot;$file&quot;" />
            <Clean command="/usr/bin/make -f &quot;/home/janis/git/mikroCom/debug/Makefile&quot;  VERBOSE=1 clean" />
            <DistClean command="/usr/bin/make -f &quot;/home/janis/git/mikroCom/debug/Makefile&quot;  VERBOSE=1 clean" />
         </MakeCommands>
      </Target>
      <Target title="list_install_components">
         <Option working_dir="/home/janis/git/mikroCom/debug" />
         <Option type="4" />
         <MakeCommands>
            <Build command="/usr/bin/make -f &quot;/home/janis/git/mikroCom/debug/Makefile&quot;  VERBOSE=1 list_install_components" />
            <CompileFile command="/usr/bin/make -f &quot;/home/janis/git/mikroCom/debug/Makefile&quot;  VERBOSE=1 &quot;$file&quot;" />
            <Clean command="/usr/bin/make -f &quot;/home/janis/git/mikroCom/debug/Makefile&quot;  VERBOSE=1 clean" />
            <DistClean command="/usr/bin/make -f &quot;/home/janis/git/mikroCom/debug/Makefile&quot;  VERBOSE=1 clean" />
         </MakeCommands>
      </Target>
      <Target title="mikrocom">
         <Option output="/home/janis/git/mikroCom/debug/mikrocom" prefix_auto="0" extension_auto="0" />
         <Option working_dir="" />
         <Option object_output="./" />
         <Option type="1" />
         <Option compiler="gcc" />
         <Compiler>
            <Add option="-DQT3_SUPPORT" />
            <Add directory="/home/janis/git/mikroCom/debug" />
            <Add directory="/usr/include" />
            <Add directory="/usr/include/c++/4.7" />
            <Add directory="/usr/include/c++/4.7/backward" />
            <Add directory="/usr/include/c++/4.7/i486-linux-gnu" />
            <Add directory="/usr/include/i386-linux-gnu" />
            <Add directory="/usr/include/qt4" />
            <Add directory="/usr/include/qt4/Qt3Support" />
            <Add directory="/usr/include/qt4/QtCore" />
            <Add directory="/usr/include/qt4/QtDBus" />
            <Add directory="/usr/include/qt4/QtDeclarative" />
            <Add directory="/usr/include/qt4/QtDesigner" />
            <Add directory="/usr/include/qt4/QtGui" />
            <Add directory="/usr/include/qt4/QtHelp" />
            <Add directory="/usr/include/qt4/QtNetwork" />
            <Add directory="/usr/include/qt4/QtOpenGL" />
            <Add directory="/usr/include/qt4/QtScript" />
            <Add directory="/usr/include/qt4/QtScriptTools" />
            <Add directory="/usr/include/qt4/QtSql" />
            <Add directory="/usr/include/qt4/QtSvg" />
            <Add directory="/usr/include/qt4/QtTest" />
            <Add directory="/usr/include/qt4/QtUiTools" />
            <Add directory="/usr/include/qt4/QtWebKit" />
            <Add directory="/usr/include/qt4/QtXml" />
            <Add directory="/usr/include/qt4/QtXmlPatterns" />
            <Add directory="/usr/include/qt4/phonon" />
            <Add directory="/usr/lib/gcc/i486-linux-gnu/4.7/include" />
            <Add directory="/usr/lib/gcc/i486-linux-gnu/4.7/include-fixed" />
            <Add directory="/usr/local/include" />
            <Add directory="/usr/share/qt4/mkspecs/default" />
         </Compiler>
         <MakeCommands>
            <Build command="/usr/bin/make -f &quot;/home/janis/git/mikroCom/debug/Makefile&quot;  VERBOSE=1 mikrocom" />
            <CompileFile command="/usr/bin/make -f &quot;/home/janis/git/mikroCom/debug/Makefile&quot;  VERBOSE=1 &quot;$file&quot;" />
            <Clean command="/usr/bin/make -f &quot;/home/janis/git/mikroCom/debug/Makefile&quot;  VERBOSE=1 clean" />
            <DistClean command="/usr/bin/make -f &quot;/home/janis/git/mikroCom/debug/Makefile&quot;  VERBOSE=1 clean" />
         </MakeCommands>
      </Target>
      <Target title="mikrocom/fast">
         <Option output="/home/janis/git/mikroCom/debug/mikrocom" prefix_auto="0" extension_auto="0" />
         <Option working_dir="" />
         <Option object_output="./" />
         <Option type="1" />
         <Option compiler="gcc" />
         <Compiler>
            <Add option="-DQT3_SUPPORT" />
            <Add directory="/home/janis/git/mikroCom/debug" />
            <Add directory="/usr/include" />
            <Add directory="/usr/include/c++/4.7" />
            <Add directory="/usr/include/c++/4.7/backward" />
            <Add directory="/usr/include/c++/4.7/i486-linux-gnu" />
            <Add directory="/usr/include/i386-linux-gnu" />
            <Add directory="/usr/include/qt4" />
            <Add directory="/usr/include/qt4/Qt3Support" />
            <Add directory="/usr/include/qt4/QtCore" />
            <Add directory="/usr/include/qt4/QtDBus" />
            <Add directory="/usr/include/qt4/QtDeclarative" />
            <Add directory="/usr/include/qt4/QtDesigner" />
            <Add directory="/usr/include/qt4/QtGui" />
            <Add directory="/usr/include/qt4/QtHelp" />
            <Add directory="/usr/include/qt4/QtNetwork" />
            <Add directory="/usr/include/qt4/QtOpenGL" />
            <Add directory="/usr/include/qt4/QtScript" />
            <Add directory="/usr/include/qt4/QtScriptTools" />
            <Add directory="/usr/include/qt4/QtSql" />
            <Add directory="/usr/include/qt4/QtSvg" />
            <Add directory="/usr/include/qt4/QtTest" />
            <Add directory="/usr/include/qt4/QtUiTools" />
            <Add directory="/usr/include/qt4/QtWebKit" />
            <Add directory="/usr/include/qt4/QtXml" />
            <Add directory="/usr/include/qt4/QtXmlPatterns" />
            <Add directory="/usr/include/qt4/phonon" />
            <Add directory="/usr/lib/gcc/i486-linux-gnu/4.7/include" />
            <Add directory="/usr/lib/gcc/i486-linux-gnu/4.7/include-fixed" />
            <Add directory="/usr/local/include" />
            <Add directory="/usr/share/qt4/mkspecs/default" />
         </Compiler>
         <MakeCommands>
            <Build command="/usr/bin/make -f &quot;/home/janis/git/mikroCom/debug/Makefile&quot;  VERBOSE=1 mikrocom/fast" />
            <CompileFile command="/usr/bin/make -f &quot;/home/janis/git/mikroCom/debug/Makefile&quot;  VERBOSE=1 &quot;$file&quot;" />
            <Clean command="/usr/bin/make -f &quot;/home/janis/git/mikroCom/debug/Makefile&quot;  VERBOSE=1 clean" />
            <DistClean command="/usr/bin/make -f &quot;/home/janis/git/mikroCom/debug/Makefile&quot;  VERBOSE=1 clean" />
         </MakeCommands>
      </Target>
      <Target title="rebuild_cache">
         <Option working_dir="/home/janis/git/mikroCom/debug" />
         <Option type="4" />
         <MakeCommands>
            <Build command="/usr/bin/make -f &quot;/home/janis/git/mikroCom/debug/Makefile&quot;  VERBOSE=1 rebuild_cache" />
            <CompileFile command="/usr/bin/make -f &quot;/home/janis/git/mikroCom/debug/Makefile&quot;  VERBOSE=1 &quot;$file&quot;" />
            <Clean command="/usr/bin/make -f &quot;/home/janis/git/mikroCom/debug/Makefile&quot;  VERBOSE=1 clean" />
            <DistClean command="/usr/bin/make -f &quot;/home/janis/git/mikroCom/debug/Makefile&quot;  VERBOSE=1 clean" />
         </MakeCommands>
      </Target>
      </Build>
      <Unit filename="/home/janis/git/mikroCom/main.cpp">
      </Unit>
      <Unit filename="/home/janis/git/mikroCom/qcppdialogimpl.cpp">
      </Unit>
      <Unit filename="/home/janis/git/mikroCom/mikrocomdlg.ui">
      </Unit>
      <Unit filename="/home/janis/git/mikroCom/qcppdialogimpl.h">
      </Unit>
      <Unit filename="/home/janis/git/mikroCom/CMakeLists.txt">
          <Option virtualFolder="CMake Files\" />
      </Unit>
   </Project>
</CodeBlocks_project_file>
